
Microsoft Visual Studio Solution File, Format Version 12.00
# Visual Studio Version 16
VisualStudioVersion = 16.0.30225.117
MinimumVisualStudioVersion = 10.0.40219.1
Project("{8BC9CEB8-8B4A-11D0-8D11-00A0C91BC942}") = "HW1", "HW1\HW1.vcxproj", "{6968DCE1-AD1A-4555-BEE9-608CD6BCE8C6}"
EndProject
Project("{8BC9CEB8-8B4A-11D0-8D11-00A0C91BC942}") = "HW2", "HW2\HW2.vcxproj", "{C3BBF7FD-83C1-4786-B06D-67AF87FDECA8}"
EndProject
Project("{8BC9CEB8-8B4A-11D0-8D11-00A0C91BC942}") = "HW3", "HW3\HW3.vcxproj", "{D029D016-FB66-4D04-8521-48C64BD535FB}"
EndProject
Project("{8BC9CEB8-8B4A-11D0-8D11-00A0C91BC942}") = "HW4", "HW4\HW4.vcxproj", "{D7E5E9BC-25F8-444A-971A-98BA8EDA7DE1}"
EndProject
Project("{8BC9CEB8-8B4A-11D0-8D11-00A0C91BC942}") = "HW5", "HW5\HW5.vcxproj", "{0B243058-AC3B-4BD5-984D-9395B0F025E6}"
EndProject
Project("{8BC9CEB8-8B4A-11D0-8D11-00A0C91BC942}") = "HW6", "HW6\HW6.vcxproj", "{DCB608C6-9CE2-46B5-8EB6-44BFCB03EE5B}"
EndProject
Project("{8BC9CEB8-8B4A-11D0-8D11-00A0C91BC942}") = "HW8", "HW8\HW8.vcxproj", "{BA711270-EDF4-4DF6-A74D-4330AB8644C0}"
EndProject
Project("{8BC9CEB8-8B4A-11D0-8D11-00A0C91BC942}") = "HW7", "HW7\HW7.vcxproj", "{66CDFEFE-8C66-4473-9242-8AA12EE12BCD}"
EndProject
Project("{8BC9CEB8-8B4A-11D0-8D11-00A0C91BC942}") = "HW9", "HW9\HW9.vcxproj", "{76727DE0-0E33-4FC2-BD35-DA32618A4A49}"
EndProject
Project("{8BC9CEB8-8B4A-11D0-8D11-00A0C91BC942}") = "HW10", "HW10\HW10.vcxproj", "{04331049-B36D-4F16-B1BD-CD5D2A885BDD}"
EndProject
Project("{8BC9CEB8-8B4A-11D0-8D11-00A0C91BC942}") = "HW12", "HW12\HW12.vcxproj", "{E42E16E2-B342-4AE6-B561-56D10B464F0E}"
EndProject
Global
	GlobalSection(SolutionConfigurationPlatforms) = preSolution
		Debug|x64 = Debug|x64
		Debug|x86 = Debug|x86
		Release|x64 = Release|x64
		Release|x86 = Release|x86
	EndGlobalSection
	GlobalSection(ProjectConfigurationPlatforms) = postSolution
		{6968DCE1-AD1A-4555-BEE9-608CD6BCE8C6}.Debug|x64.ActiveCfg = Debug|x64
		{6968DCE1-AD1A-4555-BEE9-608CD6BCE8C6}.Debug|x64.Build.0 = Debug|x64
		{6968DCE1-AD1A-4555-BEE9-608CD6BCE8C6}.Debug|x86.ActiveCfg = Debug|Win32
		{6968DCE1-AD1A-4555-BEE9-608CD6BCE8C6}.Debug|x86.Build.0 = Debug|Win32
		{6968DCE1-AD1A-4555-BEE9-608CD6BCE8C6}.Release|x64.ActiveCfg = Release|x64
		{6968DCE1-AD1A-4555-BEE9-608CD6BCE8C6}.Release|x64.Build.0 = Release|x64
		{6968DCE1-AD1A-4555-BEE9-608CD6BCE8C6}.Release|x86.ActiveCfg = Release|Win32
		{6968DCE1-AD1A-4555-BEE9-608CD6BCE8C6}.Release|x86.Build.0 = Release|Win32
		{C3BBF7FD-83C1-4786-B06D-67AF87FDECA8}.Debug|x64.ActiveCfg = Debug|x64
		{C3BBF7FD-83C1-4786-B06D-67AF87FDECA8}.Debug|x64.Build.0 = Debug|x64
		{C3BBF7FD-83C1-4786-B06D-67AF87FDECA8}.Debug|x86.ActiveCfg = Debug|Win32
		{C3BBF7FD-83C1-4786-B06D-67AF87FDECA8}.Debug|x86.Build.0 = Debug|Win32
		{C3BBF7FD-83C1-4786-B06D-67AF87FDECA8}.Release|x64.ActiveCfg = Release|x64
		{C3BBF7FD-83C1-4786-B06D-67AF87FDECA8}.Release|x64.Build.0 = Release|x64
		{C3BBF7FD-83C1-4786-B06D-67AF87FDECA8}.Release|x86.ActiveCfg = Release|Win32
		{C3BBF7FD-83C1-4786-B06D-67AF87FDECA8}.Release|x86.Build.0 = Release|Win32
		{D029D016-FB66-4D04-8521-48C64BD535FB}.Debug|x64.ActiveCfg = Debug|x64
		{D029D016-FB66-4D04-8521-48C64BD535FB}.Debug|x64.Build.0 = Debug|x64
		{D029D016-FB66-4D04-8521-48C64BD535FB}.Debug|x86.ActiveCfg = Debug|Win32
		{D029D016-FB66-4D04-8521-48C64BD535FB}.Debug|x86.Build.0 = Debug|Win32
		{D029D016-FB66-4D04-8521-48C64BD535FB}.Release|x64.ActiveCfg = Release|x64
		{D029D016-FB66-4D04-8521-48C64BD535FB}.Release|x64.Build.0 = Release|x64
		{D029D016-FB66-4D04-8521-48C64BD535FB}.Release|x86.ActiveCfg = Release|Win32
		{D029D016-FB66-4D04-8521-48C64BD535FB}.Release|x86.Build.0 = Release|Win32
		{D7E5E9BC-25F8-444A-971A-98BA8EDA7DE1}.Debug|x64.ActiveCfg = Debug|x64
		{D7E5E9BC-25F8-444A-971A-98BA8EDA7DE1}.Debug|x64.Build.0 = Debug|x64
		{D7E5E9BC-25F8-444A-971A-98BA8EDA7DE1}.Debug|x86.ActiveCfg = Debug|Win32
		{D7E5E9BC-25F8-444A-971A-98BA8EDA7DE1}.Debug|x86.Build.0 = Debug|Win32
		{D7E5E9BC-25F8-444A-971A-98BA8EDA7DE1}.Release|x64.ActiveCfg = Release|x64
		{D7E5E9BC-25F8-444A-971A-98BA8EDA7DE1}.Release|x64.Build.0 = Release|x64
		{D7E5E9BC-25F8-444A-971A-98BA8EDA7DE1}.Release|x86.ActiveCfg = Release|Win32
		{D7E5E9BC-25F8-444A-971A-98BA8EDA7DE1}.Release|x86.Build.0 = Release|Win32
		{0B243058-AC3B-4BD5-984D-9395B0F025E6}.Debug|x64.ActiveCfg = Debug|x64
		{0B243058-AC3B-4BD5-984D-9395B0F025E6}.Debug|x64.Build.0 = Debug|x64
		{0B243058-AC3B-4BD5-984D-9395B0F025E6}.Debug|x86.ActiveCfg = Debug|Win32
		{0B243058-AC3B-4BD5-984D-9395B0F025E6}.Debug|x86.Build.0 = Debug|Win32
		{0B243058-AC3B-4BD5-984D-9395B0F025E6}.Release|x64.ActiveCfg = Release|x64
		{0B243058-AC3B-4BD5-984D-9395B0F025E6}.Release|x64.Build.0 = Release|x64
		{0B243058-AC3B-4BD5-984D-9395B0F025E6}.Release|x86.ActiveCfg = Release|Win32
		{0B243058-AC3B-4BD5-984D-9395B0F025E6}.Release|x86.Build.0 = Release|Win32
		{DCB608C6-9CE2-46B5-8EB6-44BFCB03EE5B}.Debug|x64.ActiveCfg = Debug|x64
		{DCB608C6-9CE2-46B5-8EB6-44BFCB03EE5B}.Debug|x64.Build.0 = Debug|x64
		{DCB608C6-9CE2-46B5-8EB6-44BFCB03EE5B}.Debug|x86.ActiveCfg = Debug|Win32
		{DCB608C6-9CE2-46B5-8EB6-44BFCB03EE5B}.Debug|x86.Build.0 = Debug|Win32
		{DCB608C6-9CE2-46B5-8EB6-44BFCB03EE5B}.Release|x64.ActiveCfg = Release|x64
		{DCB608C6-9CE2-46B5-8EB6-44BFCB03EE5B}.Release|x64.Build.0 = Release|x64
		{DCB608C6-9CE2-46B5-8EB6-44BFCB03EE5B}.Release|x86.ActiveCfg = Release|Win32
		{DCB608C6-9CE2-46B5-8EB6-44BFCB03EE5B}.Release|x86.Build.0 = Release|Win32
		{BA711270-EDF4-4DF6-A74D-4330AB8644C0}.Debug|x64.ActiveCfg = Debug|x64
		{BA711270-EDF4-4DF6-A74D-4330AB8644C0}.Debug|x64.Build.0 = Debug|x64
		{BA711270-EDF4-4DF6-A74D-4330AB8644C0}.Debug|x86.ActiveCfg = Debug|Win32
		{BA711270-EDF4-4DF6-A74D-4330AB8644C0}.Debug|x86.Build.0 = Debug|Win32
		{BA711270-EDF4-4DF6-A74D-4330AB8644C0}.Release|x64.ActiveCfg = Release|x64
		{BA711270-EDF4-4DF6-A74D-4330AB8644C0}.Release|x64.Build.0 = Release|x64
		{BA711270-EDF4-4DF6-A74D-4330AB8644C0}.Release|x86.ActiveCfg = Release|Win32
		{BA711270-EDF4-4DF6-A74D-4330AB8644C0}.Release|x86.Build.0 = Release|Win32
		{66CDFEFE-8C66-4473-9242-8AA12EE12BCD}.Debug|x64.ActiveCfg = Debug|x64
		{66CDFEFE-8C66-4473-9242-8AA12EE12BCD}.Debug|x64.Build.0 = Debug|x64
		{66CDFEFE-8C66-4473-9242-8AA12EE12BCD}.Debug|x86.ActiveCfg = Debug|Win32
		{66CDFEFE-8C66-4473-9242-8AA12EE12BCD}.Debug|x86.Build.0 = Debug|Win32
		{66CDFEFE-8C66-4473-9242-8AA12EE12BCD}.Release|x64.ActiveCfg = Release|x64
		{66CDFEFE-8C66-4473-9242-8AA12EE12BCD}.Release|x64.Build.0 = Release|x64
		{66CDFEFE-8C66-4473-9242-8AA12EE12BCD}.Release|x86.ActiveCfg = Release|Win32
		{66CDFEFE-8C66-4473-9242-8AA12EE12BCD}.Release|x86.Build.0 = Release|Win32
		{76727DE0-0E33-4FC2-BD35-DA32618A4A49}.Debug|x64.ActiveCfg = Debug|x64
		{76727DE0-0E33-4FC2-BD35-DA32618A4A49}.Debug|x64.Build.0 = Debug|x64
		{76727DE0-0E33-4FC2-BD35-DA32618A4A49}.Debug|x86.ActiveCfg = Debug|Win32
		{76727DE0-0E33-4FC2-BD35-DA32618A4A49}.Debug|x86.Build.0 = Debug|Win32
		{76727DE0-0E33-4FC2-BD35-DA32618A4A49}.Release|x64.ActiveCfg = Release|x64
		{76727DE0-0E33-4FC2-BD35-DA32618A4A49}.Release|x64.Build.0 = Release|x64
		{76727DE0-0E33-4FC2-BD35-DA32618A4A49}.Release|x86.ActiveCfg = Release|Win32
		{76727DE0-0E33-4FC2-BD35-DA32618A4A49}.Release|x86.Build.0 = Release|Win32
		{04331049-B36D-4F16-B1BD-CD5D2A885BDD}.Debug|x64.ActiveCfg = Debug|x64
		{04331049-B36D-4F16-B1BD-CD5D2A885BDD}.Debug|x64.Build.0 = Debug|x64
		{04331049-B36D-4F16-B1BD-CD5D2A885BDD}.Debug|x86.ActiveCfg = Debug|Win32
		{04331049-B36D-4F16-B1BD-CD5D2A885BDD}.Debug|x86.Build.0 = Debug|Win32
		{04331049-B36D-4F16-B1BD-CD5D2A885BDD}.Release|x64.ActiveCfg = Release|x64
		{04331049-B36D-4F16-B1BD-CD5D2A885BDD}.Release|x64.Build.0 = Release|x64
		{04331049-B36D-4F16-B1BD-CD5D2A885BDD}.Release|x86.ActiveCfg = Release|Win32
		{04331049-B36D-4F16-B1BD-CD5D2A885BDD}.Release|x86.Build.0 = Release|Win32
		{E42E16E2-B342-4AE6-B561-56D10B464F0E}.Debug|x64.ActiveCfg = Debug|x64
		{E42E16E2-B342-4AE6-B561-56D10B464F0E}.Debug|x64.Build.0 = Debug|x64
		{E42E16E2-B342-4AE6-B561-56D10B464F0E}.Debug|x86.ActiveCfg = Debug|Win32
		{E42E16E2-B342-4AE6-B561-56D10B464F0E}.Debug|x86.Build.0 = Debug|Win32
		{E42E16E2-B342-4AE6-B561-56D10B464F0E}.Release|x64.ActiveCfg = Release|x64
		{E42E16E2-B342-4AE6-B561-56D10B464F0E}.Release|x64.Build.0 = Release|x64
		{E42E16E2-B342-4AE6-B561-56D10B464F0E}.Release|x86.ActiveCfg = Release|Win32
		{E42E16E2-B342-4AE6-B561-56D10B464F0E}.Release|x86.Build.0 = Release|Win32
	EndGlobalSection
	GlobalSection(SolutionProperties) = preSolution
		HideSolutionNode = FALSE
	EndGlobalSection
	GlobalSection(ExtensibilityGlobals) = postSolution
		SolutionGuid = {8D6A6FAE-9135-4FD9-BC2B-323B86481492}
	EndGlobalSection
EndGlobal
